
Microsoft Visual Studio Solution File, Format Version 12.00
# Visual Studio 2017
Project("{FAE04EC0-301F-11D3-BF4B-00C04F79EFBC}") = "HermioneServer", "hermione.csproj", "{09AE56C6-09B3-4B81-AD3F-A4A71475BF2A}"
EndProject
Global
	GlobalSection(SolutionConfigurationPlatforms) = preSolution
		Debug|Any CPU = Debug|Any CPU
		Release|Any CPU = Release|Any CPU
	EndGlobalSection
	GlobalSection(ProjectConfigurationPlatforms) = postSolution
		{09AE56C6-09B3-4B81-AD3F-A4A71475BF2A}.Debug|Any CPU.ActiveCfg = Debug|Any CPU
		{09AE56C6-09B3-4B81-AD3F-A4A71475BF2A}.Debug|Any CPU.Build.0 = Debug|Any CPU
		{09AE56C6-09B3-4B81-AD3F-A4A71475BF2A}.Release|Any CPU.ActiveCfg = Release|Any CPU
		{09AE56C6-09B3-4B81-AD3F-A4A71475BF2A}.Release|Any CPU.Build.0 = Release|Any CPU
	EndGlobalSection
EndGlobal
